{
  "name": "@ungap/set-methods",
  "version": "0.1.0",
  "lockfileVersion": 2,
  "requires": true,
  "packages": {
    "": {
      "name": "@ungap/set-methods",
      "version": "0.1.0",
      "license": "ISC",
      "devDependencies": {
        "ascjs": "^5.0.1"
      }
    },
    "node_modules/@babel/parser": {
      "version": "7.20.15",
      "resolved": "https://registry.npmjs.org/@babel/parser/-/parser-7.20.15.tgz",
      "integrity": "sha512-DI4a1oZuf8wC+oAJA9RW6ga3Zbe8RZFt7kD9i4qAspz3I/yHet1VvC3DiSy/fsUvv5pvJuNPh0LPOdCcqinDPg==",
      "dev": true,
      "bin": {
        "parser": "bin/babel-parser.js"
      },
      "engines": {
        "node": ">=6.0.0"
      }
    },
    "node_modules/ascjs": {
      "version": "5.0.1",
      "resolved": "https://registry.npmjs.org/ascjs/-/ascjs-5.0.1.tgz",
      "integrity": "sha512-1d/QdICzpywXiP53/Zz3fMdaC0/BB1ybLf+fK+QrqY8iyXNnWUHUrpmrowueXeswo+O+meJWm43TJSg2ClP3Sg==",
      "dev": true,
      "dependencies": {
        "@babel/parser": "^7.12.5"
      },
      "bin": {
        "ascjs": "bin.js"
      }
    }
  },
  "dependencies": {
    "@babel/parser": {
      "version": "7.20.15",
      "resolved": "https://registry.npmjs.org/@babel/parser/-/parser-7.20.15.tgz",
      "integrity": "sha512-DI4a1oZuf8wC+oAJA9RW6ga3Zbe8RZFt7kD9i4qAspz3I/yHet1VvC3DiSy/fsUvv5pvJuNPh0LPOdCcqinDPg==",
      "dev": true
    },
    "ascjs": {
      "version": "5.0.1",
      "resolved": "https://registry.npmjs.org/ascjs/-/ascjs-5.0.1.tgz",
      "integrity": "sha512-1d/QdICzpywXiP53/Zz3fMdaC0/BB1ybLf+fK+QrqY8iyXNnWUHUrpmrowueXeswo+O+meJWm43TJSg2ClP3Sg==",
      "dev": true,
      "requires": {
        "@babel/parser": "^7.12.5"
      }
    }
  }
}
